
Microsoft Visual Studio Solution File, Format Version 12.00
# Visual Studio Version 16
VisualStudioVersion = 16.0.34114.132
MinimumVisualStudioVersion = 10.0.40219.1
Project("{2150E333-8FDC-42A3-9474-1A3956D46DE8}") = "Services", "Services", "{7005442A-C0D7-4CBB-90EE-EDF660284EB8}"
EndProject
Project("{2150E333-8FDC-42A3-9474-1A3956D46DE8}") = "Catalog", "Catalog", "{05DE895D-F7A1-4899-BFF5-17EBEE4E4736}"
EndProject
Project("{9A19103F-16F7-4668-BE54-9A1E7A4F7556}") = "Catalog.API", "Services\Catalog\Catalog.API\Catalog.API.csproj", "{1529DEA7-88B0-49FC-B1D7-ADA73695C246}"
EndProject
Project("{E53339B2-1760-4266-BCC7-CA923CBCF16C}") = "docker-compose", "docker-compose.dcproj", "{0214BCD9-4E78-49B8-9ABC-3964497A7ADE}"
EndProject
Global
	GlobalSection(SolutionConfigurationPlatforms) = preSolution
		Debug|Any CPU = Debug|Any CPU
		Release|Any CPU = Release|Any CPU
	EndGlobalSection
	GlobalSection(ProjectConfigurationPlatforms) = postSolution
		{1529DEA7-88B0-49FC-B1D7-ADA73695C246}.Debug|Any CPU.ActiveCfg = Debug|Any CPU
		{1529DEA7-88B0-49FC-B1D7-ADA73695C246}.Debug|Any CPU.Build.0 = Debug|Any CPU
		{1529DEA7-88B0-49FC-B1D7-ADA73695C246}.Release|Any CPU.ActiveCfg = Release|Any CPU
		{1529DEA7-88B0-49FC-B1D7-ADA73695C246}.Release|Any CPU.Build.0 = Release|Any CPU
		{0214BCD9-4E78-49B8-9ABC-3964497A7ADE}.Debug|Any CPU.ActiveCfg = Debug|Any CPU
		{0214BCD9-4E78-49B8-9ABC-3964497A7ADE}.Debug|Any CPU.Build.0 = Debug|Any CPU
		{0214BCD9-4E78-49B8-9ABC-3964497A7ADE}.Release|Any CPU.ActiveCfg = Release|Any CPU
		{0214BCD9-4E78-49B8-9ABC-3964497A7ADE}.Release|Any CPU.Build.0 = Release|Any CPU
	EndGlobalSection
	GlobalSection(SolutionProperties) = preSolution
		HideSolutionNode = FALSE
	EndGlobalSection
	GlobalSection(NestedProjects) = preSolution
		{05DE895D-F7A1-4899-BFF5-17EBEE4E4736} = {7005442A-C0D7-4CBB-90EE-EDF660284EB8}
		{1529DEA7-88B0-49FC-B1D7-ADA73695C246} = {05DE895D-F7A1-4899-BFF5-17EBEE4E4736}
	EndGlobalSection
	GlobalSection(ExtensibilityGlobals) = postSolution
		SolutionGuid = {34417DD4-DB4C-4740-965F-F1BBE2AA8367}
	EndGlobalSection
EndGlobal
